{
  "name": "html-builder",
  "lockfileVersion": 2,
  "requires": true,
  "packages": {
    "": {
      "dependencies": {
        "@vscode/web-custom-data": "^0.4.8"
      }
    },
    "node_modules/@vscode/web-custom-data": {
      "version": "0.4.8",
      "resolved": "https://registry.npmjs.org/@vscode/web-custom-data/-/web-custom-data-0.4.8.tgz",
      "integrity": "sha512-rRiEeEX49wipCeGZo65mQJUEuCY3IXd6bet90eY6cMMQ9jBe2g3Njw/2ctbaxuACPnEKXTdW0dB7umxDln3Rzg=="
    }
  },
  "dependencies": {
    "@vscode/web-custom-data": {
      "version": "0.4.8",
      "resolved": "https://registry.npmjs.org/@vscode/web-custom-data/-/web-custom-data-0.4.8.tgz",
      "integrity": "sha512-rRiEeEX49wipCeGZo65mQJUEuCY3IXd6bet90eY6cMMQ9jBe2g3Njw/2ctbaxuACPnEKXTdW0dB7umxDln3Rzg=="
    }
  }
}
